
Microsoft Visual Studio Solution File, Format Version 12.00
# Visual Studio Version 16
VisualStudioVersion = 16.0.29613.14
MinimumVisualStudioVersion = 10.0.40219.1
Project("{FAE04EC0-301F-11D3-BF4B-00C04F79EFBC}") = "AVLTree", "AVLTree\AVLTree.csproj", "{37C5A51B-393D-4C04-830C-2DBFC450BA39}"
EndProject
Global
	GlobalSection(SolutionConfigurationPlatforms) = preSolution
		Debug|Any CPU = Debug|Any CPU
		Release|Any CPU = Release|Any CPU
	EndGlobalSection
	GlobalSection(ProjectConfigurationPlatforms) = postSolution
		{37C5A51B-393D-4C04-830C-2DBFC450BA39}.Debug|Any CPU.ActiveCfg = Debug|Any CPU
		{37C5A51B-393D-4C04-830C-2DBFC450BA39}.Debug|Any CPU.Build.0 = Debug|Any CPU
		{37C5A51B-393D-4C04-830C-2DBFC450BA39}.Release|Any CPU.ActiveCfg = Release|Any CPU
		{37C5A51B-393D-4C04-830C-2DBFC450BA39}.Release|Any CPU.Build.0 = Release|Any CPU
	EndGlobalSection
	GlobalSection(SolutionProperties) = preSolution
		HideSolutionNode = FALSE
	EndGlobalSection
	GlobalSection(ExtensibilityGlobals) = postSolution
		SolutionGuid = {AD7CD847-0695-4D1A-A829-E0841DC7E847}
	EndGlobalSection
EndGlobal
